Microsoft Visual Studio Solution File, Format Version 12.00
# Visual Studio 2012
Project("{FAE04EC0-301F-11D3-BF4B-00C04F79EFBC}") = "LaserGunGame", "LaserGunGame.csproj", "{89210C66-1599-4A9F-A1F3-4C641720CB7C}"
EndProject
Global
	GlobalSection(SolutionConfigurationPlatforms) = preSolution
	Debug|Any CPU = Debug|Any CPU
	ExportDebug|Any CPU = ExportDebug|Any CPU
	ExportRelease|Any CPU = ExportRelease|Any CPU
	EndGlobalSection
	GlobalSection(ProjectConfigurationPlatforms) = postSolution
		{89210C66-1599-4A9F-A1F3-4C641720CB7C}.Debug|Any CPU.ActiveCfg = Debug|Any CPU
		{89210C66-1599-4A9F-A1F3-4C641720CB7C}.Debug|Any CPU.Build.0 = Debug|Any CPU
		{89210C66-1599-4A9F-A1F3-4C641720CB7C}.ExportDebug|Any CPU.ActiveCfg = ExportDebug|Any CPU
		{89210C66-1599-4A9F-A1F3-4C641720CB7C}.ExportDebug|Any CPU.Build.0 = ExportDebug|Any CPU
		{89210C66-1599-4A9F-A1F3-4C641720CB7C}.ExportRelease|Any CPU.ActiveCfg = ExportRelease|Any CPU
		{89210C66-1599-4A9F-A1F3-4C641720CB7C}.ExportRelease|Any CPU.Build.0 = ExportRelease|Any CPU
	EndGlobalSection
EndGlobal
